version = 1
revision = 3
requires-python = ">=3.13"

[[package]]
name = "anyio"
version = "4.12.1"
source = { registry = "https://pypi.org/simple" }
dependencies = [
    { name = "idna" },
]
sdist = { url = "https://files.pythonhosted.org/packages/96/f0/5eb65b2bb0d09ac6776f2eb54adee6abe8228ea05b20a5ad0e4945de8aac/anyio-4.12.1.tar.gz", hash = "sha256:41cfcc3a4c85d3f05c932da7c26d0201ac36f72abd4435ba90d0464a3ffed703", size = 228685, upload-time = "2026-01-06T11:45:21.246Z" }
wheels = [
    { url = "https://files.pythonhosted.org/packages/38/0e/27be9fdef66e72d64c0cdc3cc2823101b80585f8119b5c112c2e8f5f7dab/anyio-4.12.1-py3-none-any.whl", hash = "sha256:d405828884fc140aa80a3c667b8beed277f1dfedec42ba031bd6ac3db606ab6c", size = 113592, upload-time = "2026-01-06T11:45:19.497Z" },
]

[[package]]
name = "certifi"
version = "2026.1.4"
source = { registry = "https://pypi.org/simple" }
sdist = { url = "https://files.pythonhosted.org/packages/e0/2d/a891ca51311197f6ad14a7ef42e2399f36cf2f9bd44752b3dc4eab60fdc5/certifi-2026.1.4.tar.gz", hash = "sha256:ac726dd470482006e014ad384921ed6438c457018f4b3d204aea4281258b2120", size = 154268, upload-time = "2026-01-04T02:42:41.825Z" }
wheels = [
    { url = "https://files.pythonhosted.org/packages/e6/ad/3cc14f097111b4de0040c83a525973216457bbeeb63739ef1ed275c1c021/certifi-2026.1.4-py3-none-any.whl", hash = "sha256:9943707519e4add1115f44c2bc244f782c0249876bf51b6599fee1ffbedd685c", size = 152900, upload-time = "2026-01-04T02:42:40.15Z" },
]

[[package]]
name = "fort"
version = "2025.1"
source = { registry = "https://pypi.org/simple" }
sdist = { url = "https://files.pythonhosted.org/packages/31/6f/47b3bb30e057c028f2b71edc54457134d240a9d1fc009fed01fe35becd9b/fort-2025.1.tar.gz", hash = "sha256:55d1526f31c50d62b3531fa0d1c3539fc55691046c0c665401ca9c3139cc063b", size = 3350, upload-time = "2025-10-13T14:21:55.763Z" }
wheels = [
    { url = "https://files.pythonhosted.org/packages/9f/cd/42535fd2a505ad2e4cd7a8909d5daa4caafa4420786d62aced8344de45b1/fort-2025.1-py3-none-any.whl", hash = "sha256:8444a306896e72ecf7d5e5b5c02579ea9f392e8834ab12967eb0fb0bb9c1ad89", size = 4449, upload-time = "2025-10-13T14:21:54.745Z" },
]

[[package]]
name = "groupme-backup"
version = "0.1.0"
source = { virtual = "." }
dependencies = [
    { name = "fort" },
    { name = "httpx" },
]

[package.dev-dependencies]
dev = [
    { name = "ruff" },
    { name = "ty" },
]

[package.metadata]
requires-dist = [
    { name = "fort", specifier = ">=2025.0" },
    { name = "httpx", specifier = ">=0.28.1" },
]

[package.metadata.requires-dev]
dev = [
    { name = "ruff", specifier = ">=0.15.12" },
    { name = "ty", specifier = ">=0.0.31" },
]

[[package]]
name = "h11"
version = "0.16.0"
source = { registry = "https://pypi.org/simple" }
sdist = { url = "https://files.pythonhosted.org/packages/01/ee/02a2c011bdab74c6fb3c75474d40b3052059d95df7e73351460c8588d963/h11-0.16.0.tar.gz", hash = "sha256:4e35b956cf45792e4caa5885e69fba00bdbc6ffafbfa020300e549b208ee5ff1", size = 101250, upload-time = "2025-04-24T03:35:25.427Z" }
wheels = [
    { url = "https://files.pythonhosted.org/packages/04/4b/29cac41a4d98d144bf5f6d33995617b185d14b22401f75ca86f384e87ff1/h11-0.16.0-py3-none-any.whl", hash = "sha256:63cf8bbe7522de3bf65932fda1d9c2772064ffb3dae62d55932da54b31cb6c86", size = 37515, upload-time = "2025-04-24T03:35:24.344Z" },
]

[[package]]
name = "httpcore"
version = "1.0.9"
source = { registry = "https://pypi.org/simple" }
dependencies = [
    { name = "certifi" },
    { name = "h11" },
]
sdist = { url = "https://files.pythonhosted.org/packages/06/94/82699a10bca87a5556c9c59b5963f2d039dbd239f25bc2a63907a05a14cb/httpcore-1.0.9.tar.gz", hash = "sha256:6e34463af53fd2ab5d807f399a9b45ea31c3dfa2276f15a2c3f00afff6e176e8", size = 85484, upload-time = "2025-04-24T22:06:22.219Z" }
wheels = [
    { url = "https://files.pythonhosted.org/packages/7e/f5/f66802a942d491edb555dd61e3a9961140fd64c90bce1eafd741609d334d/httpcore-1.0.9-py3-none-any.whl", hash = "sha256:2d400746a40668fc9dec9810239072b40b4484b640a8c38fd654a024c7a1bf55", size = 78784, upload-time = "2025-04-24T22:06:20.566Z" },
]

[[package]]
name = "httpx"
version = "0.28.1"
source = { registry = "https://pypi.org/simple" }
dependencies = [
    { name = "anyio" },
    { name = "certifi" },
    { name = "httpcore" },
    { name = "idna" },
]
sdist = { url = "https://files.pythonhosted.org/packages/b1/df/48c586a5fe32a0f01324ee087459e112ebb7224f646c0b5023f5e79e9956/httpx-0.28.1.tar.gz", hash = "sha256:75e98c5f16b0f35b567856f597f06ff2270a374470a5c2392242528e3e3e42fc", size = 141406, upload-time = "2024-12-06T15:37:23.222Z" }
wheels = [
    { url = "https://files.pythonhosted.org/packages/2a/39/e50c7c3a983047577ee07d2a9e53faf5a69493943ec3f6a384bdc792deb2/httpx-0.28.1-py3-none-any.whl", hash = "sha256:d909fcccc110f8c7faf814ca82a9a4d816bc5a6dbfea25d6591d6985b8ba59ad", size = 73517, upload-time = "2024-12-06T15:37:21.509Z" },
]

[[package]]
name = "idna"
version = "3.11"
source = { registry = "https://pypi.org/simple" }
sdist = { url = "https://files.pythonhosted.org/packages/6f/6d/0703ccc57f3a7233505399edb88de3cbd678da106337b9fcde432b65ed60/idna-3.11.tar.gz", hash = "sha256:795dafcc9c04ed0c1fb032c2aa73654d8e8c5023a7df64a53f39190ada629902", size = 194582, upload-time = "2025-10-12T14:55:20.501Z" }
wheels = [
    { url = "https://files.pythonhosted.org/packages/0e/61/66938bbb5fc52dbdf84594873d5b51fb1f7c7794e9c0f5bd885f30bc507b/idna-3.11-py3-none-any.whl", hash = "sha256:771a87f49d9defaf64091e6e6fe9c18d4833f140bd19464795bc32d966ca37ea", size = 71008, upload-time = "2025-10-12T14:55:18.883Z" },
]

[[package]]
name = "ruff"
version = "0.15.12"
source = { registry = "https://pypi.org/simple" }
sdist = { url = "https://files.pythonhosted.org/packages/99/43/3291f1cc9106f4c63bdce7a8d0df5047fe8422a75b091c16b5e9355e0b11/ruff-0.15.12.tar.gz", hash = "sha256:ecea26adb26b4232c0c2ca19ccbc0083a68344180bba2a600605538ce51a40a6", size = 4643852, upload-time = "2026-04-24T18:17:14.305Z" }
wheels = [
    { url = "https://files.pythonhosted.org/packages/c3/6e/e78ffb61d4686f3d96ba3df2c801161843746dcbcbb17a1e927d4829312b/ruff-0.15.12-py3-none-linux_armv6l.whl", hash = "sha256:f86f176e188e94d6bdbc09f09bfd9dc729059ad93d0e7390b5a73efe19f8861c", size = 10640713, upload-time = "2026-04-24T18:17:22.841Z" },
    { url = "https://files.pythonhosted.org/packages/ae/08/a317bc231fb9e7b93e4ef3089501e51922ff88d6936ce5cf870c4fe55419/ruff-0.15.12-py3-none-macosx_10_12_x86_64.whl", hash = "sha256:e3bcd123364c3770b8e1b7baaf343cc99a35f197c5c6e8af79015c666c423a6c", size = 11069267, upload-time = "2026-04-24T18:17:30.105Z" },
    { url = "https://files.pythonhosted.org/packages/aa/a4/f828e9718d3dce1f5f11c39c4f65afd32783c8b2aebb2e3d259e492c47bd/ruff-0.15.12-py3-none-macosx_11_0_arm64.whl", hash = "sha256:fe87510d000220aa1ed530d4448a7c696a0cae1213e5ec30e5874287b66557b5", size = 10397182, upload-time = "2026-04-24T18:17:07.177Z" },
    { url = "https://files.pythonhosted.org/packages/71/e0/3310fc6d1b5e1fdea22bf3b1b807c7e187b581021b0d7d4514cccdb5fb71/ruff-0.15.12-py3-none-manylinux_2_17_aarch64.manylinux2014_aarch64.whl", hash = "sha256:84a1630093121375a3e2a95b4a6dc7b59e2b4ee76216e32d81aae550a832d002", size = 10758012, upload-time = "2026-04-24T18:16:55.759Z" },
    { url = "https://files.pythonhosted.org/packages/11/c1/a606911aee04c324ddaa883ae418f3569792fd3c4a10c50e0dd0a2311e1e/ruff-0.15.12-py3-none-manylinux_2_17_armv7l.manylinux2014_armv7l.whl", hash = "sha256:fb129f40f114f089ebe0ca56c0d251cf2061b17651d464bb6478dc01e69f11f5", size = 10447479, upload-time = "2026-04-24T18:16:51.677Z" },
    { url = "https://files.pythonhosted.org/packages/9d/68/4201e8444f0894f21ab4aeeaee68aa4f10b51613514a20d80bd628d57e88/ruff-0.15.12-py3-none-manylinux_2_17_i686.manylinux2014_i686.whl", hash = "sha256:b0c862b172d695db7598426b8af465e7e9ac00a3ea2a3630ee67eb82e366aaa6", size = 11234040, upload-time = "2026-04-24T18:17:16.529Z" },
    { url = "https://files.pythonhosted.org/packages/34/ff/8a6d6cf4ccc23fd67060874e832c18919d1557a0611ebef03fdb01fff11e/ruff-0.15.12-py3-none-manylinux_2_17_ppc64le.manylinux2014_ppc64le.whl", hash = "sha256:2849ea9f3484c3aca43a82f484210370319e7170df4dfe4843395ddf6c57bc33", size = 12087377, upload-time = "2026-04-24T18:17:04.944Z" },
    { url = "https://files.pythonhosted.org/packages/85/f6/c669cf73f5152f623d34e69866a46d5e6185816b19fcd5b6dd8a2d299922/ruff-0.15.12-py3-none-manylinux_2_17_s390x.manylinux2014_s390x.whl", hash = "sha256:9e77c7e51c07fe396826d5969a5b846d9cd4c402535835fb6e21ce8b28fef847", size = 11367784, upload-time = "2026-04-24T18:17:25.409Z" },
    { url = "https://files.pythonhosted.org/packages/e8/39/c61d193b8a1daaa8977f7dea9e8d8ba866e02ea7b65d32f6861693aa4c12/ruff-0.15.12-py3-none-manylinux_2_17_x86_64.manylinux2014_x86_64.whl", hash = "sha256:83b2f4f2f3b1026b5fb449b467d9264bf22067b600f7b6f41fc5958909f449d0", size = 11344088, upload-time = "2026-04-24T18:17:12.258Z" },
    { url = "https://files.pythonhosted.org/packages/c2/8d/49afab3645e31e12c590acb6d3b5b69d7aab5b81926dbaf7461f9441f37a/ruff-0.15.12-py3-none-manylinux_2_31_riscv64.whl", hash = "sha256:9ba3b8f1afd7e2e43d8943e55f249e13f9682fde09711644a6e7290eb4f3e339", size = 11271770, upload-time = "2026-04-24T18:17:02.457Z" },
    { url = "https://files.pythonhosted.org/packages/46/06/33f41fe94403e2b755481cdfb9b7ef3e4e0ed031c4581124658d935d52b4/ruff-0.15.12-py3-none-musllinux_1_2_aarch64.whl", hash = "sha256:e852ba9fdc890655e1d78f2df1499efbe0e54126bd405362154a75e2bde159c5", size = 10719355, upload-time = "2026-04-24T18:17:27.648Z" },
    { url = "https://files.pythonhosted.org/packages/0d/59/18aa4e014debbf559670e4048e39260a85c7fcee84acfd761ac01e7b8d35/ruff-0.15.12-py3-none-musllinux_1_2_armv7l.whl", hash = "sha256:dd8aed930da53780d22fc70bdf84452c843cf64f8cb4eb38984319c24c5cd5fd", size = 10462758, upload-time = "2026-04-24T18:17:32.347Z" },
    { url = "https://files.pythonhosted.org/packages/25/e7/cc9f16fd0f3b5fddcbd7ec3d6ae30c8f3fde1047f32a4093a98d633c6570/ruff-0.15.12-py3-none-musllinux_1_2_i686.whl", hash = "sha256:01da3988d225628b709493d7dc67c3b9b12c0210016b08690ef9bd27970b262b", size = 10953498, upload-time = "2026-04-24T18:17:20.674Z" },
    { url = "https://files.pythonhosted.org/packages/72/7a/a9ba7f98c7a575978698f4230c5e8cc54bbc761af34f560818f933dafa0c/ruff-0.15.12-py3-none-musllinux_1_2_x86_64.whl", hash = "sha256:9cae0f92bd5700d1213188b31cd3bdd2b315361296d10b96b8e2337d3d11f53e", size = 11447765, upload-time = "2026-04-24T18:17:09.755Z" },
    { url = "https://files.pythonhosted.org/packages/ea/f9/0ae446942c846b8266059ad8a30702a35afae55f5cdc54c5adf8d7afdc27/ruff-0.15.12-py3-none-win32.whl", hash = "sha256:d0185894e038d7043ba8fd6aee7499ece6462dc0ea9f1e260c7451807c714c20", size = 10657277, upload-time = "2026-04-24T18:17:18.591Z" },
    { url = "https://files.pythonhosted.org/packages/33/f1/9614e03e1cdcbf9437570b5400ced8a720b5db22b28d8e0f1bda429f660d/ruff-0.15.12-py3-none-win_amd64.whl", hash = "sha256:c87a162d61ab3adca47c03f7f717c68672edec7d1b5499e652331780fe74950d", size = 11837758, upload-time = "2026-04-24T18:17:00.113Z" },
    { url = "https://files.pythonhosted.org/packages/c0/98/6beb4b351e472e5f4c4613f7c35a5290b8be2497e183825310c4c3a3984b/ruff-0.15.12-py3-none-win_arm64.whl", hash = "sha256:a538f7a82d061cee7be55542aca1d86d1393d55d81d4fcc314370f4340930d4f", size = 11120821, upload-time = "2026-04-24T18:16:57.979Z" },
]

[[package]]
name = "ty"
version = "0.0.31"
source = { registry = "https://pypi.org/simple" }
sdist = { url = "https://files.pythonhosted.org/packages/31/cc/5ea5d3a72216c8c2bf77d83066dd4f3553532d0aacc03d4a8397dd9845e1/ty-0.0.31.tar.gz", hash = "sha256:4a4094292d9671caf3b510c7edf36991acd9c962bb5d97205374ffed9f541c45", size = 5516619, upload-time = "2026-04-15T15:47:59.87Z" }
wheels = [
    { url = "https://files.pythonhosted.org/packages/b0/10/ea805cbbd75d5d50792551a2b383de8521eeab0c44f38c73e12819ced65e/ty-0.0.31-py3-none-linux_armv6l.whl", hash = "sha256:761651dc17ad7bc0abfc1b04b3f0e84df263ed435d34f29760b3da739ab02d35", size = 10834749, upload-time = "2026-04-15T15:48:14.877Z" },
    { url = "https://files.pythonhosted.org/packages/d9/4c/fabf951850401d24d36b21bced088a366c6827e1c37dab4523afff84c4b2/ty-0.0.31-py3-none-macosx_10_12_x86_64.whl", hash = "sha256:c529922395a07231c27488f0290651e05d27d149f7e0aa807678f1f7e9c58a5e", size = 10626012, upload-time = "2026-04-15T15:48:22.554Z" },
    { url = "https://files.pythonhosted.org/packages/04/b0/4a5aff88d2544f19514a59c8f693d63144aa7307fe2ee5df608333ab5460/ty-0.0.31-py3-none-macosx_11_0_arm64.whl", hash = "sha256:5f345df2b87d747859e72c2cbc9be607ea1bbc8bc93dd32fa3d03ea091cb4fee", size = 10075790, upload-time = "2026-04-15T15:47:46.959Z" },
    { url = "https://files.pythonhosted.org/packages/d5/73/9d4dcad12cd4e85274014f2c0510ef93f590b2a1e5148de3a9f276098dad/ty-0.0.31-py3-none-manylinux_2_17_aarch64.manylinux2014_aarch64.whl", hash = "sha256:d4b207eddcfbafd376132689d3435b14efcb531289cb59cd961c6a611133bd54", size = 10590286, upload-time = "2026-04-15T15:48:06.222Z" },
    { url = "https://files.pythonhosted.org/packages/47/45/fe40adde18692359ded174ae7ddbfac056e876eb0f43b65be74fde7f6072/ty-0.0.31-py3-none-manylinux_2_17_armv7l.manylinux2014_armv7l.whl", hash = "sha256:663778b220f357067488ce68bfc52335ccbd161549776f70dcbde6bbde82f77a", size = 10623824, upload-time = "2026-04-15T15:48:12.965Z" },
    { url = "https://files.pythonhosted.org/packages/2e/e8/0ffa2e09b548e6daa9ebc368d68b767dc2405ca4cbeadb7ede0e2cb21059/ty-0.0.31-py3-none-manylinux_2_17_i686.manylinux2014_i686.whl", hash = "sha256:3506cfe87dfade0fb2960dd4fffd4fd8089003587b3445c0a1a295c9d83764fb", size = 11156864, upload-time = "2026-04-15T15:48:08.473Z" },
    { url = "https://files.pythonhosted.org/packages/08/e9/fd44c2075115d569593ee9473d7e2a38b750fd7e783421c95eb528c15df5/ty-0.0.31-py3-none-manylinux_2_17_ppc64le.manylinux2014_ppc64le.whl", hash = "sha256:8b3f3d8492f08e81916026354c1d1599e9ddfa1241804141a74d5662fc710085", size = 11696401, upload-time = "2026-04-15T15:48:17.355Z" },
    { url = "https://files.pythonhosted.org/packages/4e/50/35aad8eadf964d23e2a4faa5b38a206aa85c78833c8ce335dddd2c34ba63/ty-0.0.31-py3-none-manylinux_2_17_s390x.manylinux2014_s390x.whl", hash = "sha256:a97de32ee6a619393a4c495e056a1c547de7877510f3152e61345c71d774d2d0", size = 11374903, upload-time = "2026-04-15T15:47:55.893Z" },
    { url = "https://files.pythonhosted.org/packages/c8/37/01eccd25d23f5aaa7f7ff1a87b5b215469f6b202cf689a1812b71c1e7f6b/ty-0.0.31-py3-none-manylinux_2_17_x86_64.manylinux2014_x86_64.whl", hash = "sha256:c906354ce441e342646582bc9b8f48a676f79f3d061e25de15ff870e015ca14e", size = 11206624, upload-time = "2026-04-15T15:47:51.778Z" },
    { url = "https://files.pythonhosted.org/packages/f4/70/baad2914cb097453f127a221f8addb2b41926098059cd773c75e6a662fc4/ty-0.0.31-py3-none-musllinux_1_2_aarch64.whl", hash = "sha256:275bb7c82afcbf89fe2dbef1b2692f2bc98451f1ee2c8eb809ddd91317822388", size = 10575089, upload-time = "2026-04-15T15:47:49.448Z" },
    { url = "https://files.pythonhosted.org/packages/83/12/bae3a7bba2e785eb72ce00f9da70eedcb8c5e8299efecbd16e6e436abd82/ty-0.0.31-py3-none-musllinux_1_2_armv7l.whl", hash = "sha256:405da247027c6efd1e264886b6ac4a86ab3a4f09200b02e33630efe85f119e53", size = 10642315, upload-time = "2026-04-15T15:48:19.661Z" },
    { url = "https://files.pythonhosted.org/packages/93/9e/cad04d5d839bc60355cea98c7e09d724ea65f47184def0fae8b90dc54591/ty-0.0.31-py3-none-musllinux_1_2_i686.whl", hash = "sha256:54d9835608eed196853d6643f645c50ce83bcc7fe546cdb3e210c1bcf7c58c09", size = 10834473, upload-time = "2026-04-15T15:48:02.091Z" },
    { url = "https://files.pythonhosted.org/packages/e3/ba/84112d280182d37690d3d2b4018b2667e42bc281585e607015635310016a/ty-0.0.31-py3-none-musllinux_1_2_x86_64.whl", hash = "sha256:5ee11be9b07e8c0c6b455ff075a0abe4f194de9476f57624db98eec9df618355", size = 11315785, upload-time = "2026-04-15T15:48:10.754Z" },
    { url = "https://files.pythonhosted.org/packages/50/9f/ac42dc223d7e0950e97a1854567a8b3e7fe09ad7375adbf91bfb43290482/ty-0.0.31-py3-none-win32.whl", hash = "sha256:7286587aacf3eef0956062d6492b893b02f82b0f22c5e230008e13ff0d216a8b", size = 10187657, upload-time = "2026-04-15T15:48:04.264Z" },
    { url = "https://files.pythonhosted.org/packages/75/3e/57ba7ea7ecb2f4751644ba91756e2be70e33ef5952c0c41a256a0e4c2437/ty-0.0.31-py3-none-win_amd64.whl", hash = "sha256:81134e25d2a2562ab372f24de8f9bd05034d27d30377a5d7540f259791c6234c", size = 11205258, upload-time = "2026-04-15T15:47:53.759Z" },
    { url = "https://files.pythonhosted.org/packages/88/39/bca669095ccf0a400af941fdf741578d4c2d6719f1b7f10e6dbec10aa862/ty-0.0.31-py3-none-win_arm64.whl", hash = "sha256:e9cb15fad26545c6a608f40f227af3a5513cb376998ca6feddd47ca7d93ffafa", size = 10590392, upload-time = "2026-04-15T15:47:57.968Z" },
]
