version = 1
revision = 3
requires-python = ">=3.13"

[[package]]
name = "anyio"
version = "4.12.1"
source = { registry = "https://pypi.org/simple" }
dependencies = [
    { name = "idna" },
]
sdist = { url = "https://files.pythonhosted.org/packages/96/f0/5eb65b2bb0d09ac6776f2eb54adee6abe8228ea05b20a5ad0e4945de8aac/anyio-4.12.1.tar.gz", hash = "sha256:41cfcc3a4c85d3f05c932da7c26d0201ac36f72abd4435ba90d0464a3ffed703", size = 228685, upload-time = "2026-01-06T11:45:21.246Z" }
wheels = [
    { url = "https://files.pythonhosted.org/packages/38/0e/27be9fdef66e72d64c0cdc3cc2823101b80585f8119b5c112c2e8f5f7dab/anyio-4.12.1-py3-none-any.whl", hash = "sha256:d405828884fc140aa80a3c667b8beed277f1dfedec42ba031bd6ac3db606ab6c", size = 113592, upload-time = "2026-01-06T11:45:19.497Z" },
]

[[package]]
name = "certifi"
version = "2026.1.4"
source = { registry = "https://pypi.org/simple" }
sdist = { url = "https://files.pythonhosted.org/packages/e0/2d/a891ca51311197f6ad14a7ef42e2399f36cf2f9bd44752b3dc4eab60fdc5/certifi-2026.1.4.tar.gz", hash = "sha256:ac726dd470482006e014ad384921ed6438c457018f4b3d204aea4281258b2120", size = 154268, upload-time = "2026-01-04T02:42:41.825Z" }
wheels = [
    { url = "https://files.pythonhosted.org/packages/e6/ad/3cc14f097111b4de0040c83a525973216457bbeeb63739ef1ed275c1c021/certifi-2026.1.4-py3-none-any.whl", hash = "sha256:9943707519e4add1115f44c2bc244f782c0249876bf51b6599fee1ffbedd685c", size = 152900, upload-time = "2026-01-04T02:42:40.15Z" },
]

[[package]]
name = "fort"
version = "2025.1"
source = { registry = "https://pypi.org/simple" }
sdist = { url = "https://files.pythonhosted.org/packages/31/6f/47b3bb30e057c028f2b71edc54457134d240a9d1fc009fed01fe35becd9b/fort-2025.1.tar.gz", hash = "sha256:55d1526f31c50d62b3531fa0d1c3539fc55691046c0c665401ca9c3139cc063b", size = 3350, upload-time = "2025-10-13T14:21:55.763Z" }
wheels = [
    { url = "https://files.pythonhosted.org/packages/9f/cd/42535fd2a505ad2e4cd7a8909d5daa4caafa4420786d62aced8344de45b1/fort-2025.1-py3-none-any.whl", hash = "sha256:8444a306896e72ecf7d5e5b5c02579ea9f392e8834ab12967eb0fb0bb9c1ad89", size = 4449, upload-time = "2025-10-13T14:21:54.745Z" },
]

[[package]]
name = "groupme-backup"
version = "0.1.0"
source = { virtual = "." }
dependencies = [
    { name = "fort" },
    { name = "httpx" },
]

[package.dev-dependencies]
dev = [
    { name = "ruff" },
    { name = "ty" },
]

[package.metadata]
requires-dist = [
    { name = "fort", specifier = ">=2025.0" },
    { name = "httpx", specifier = ">=0.28.1" },
]

[package.metadata.requires-dev]
dev = [
    { name = "ruff", specifier = ">=0.14.8" },
    { name = "ty", specifier = ">=0.0.15" },
]

[[package]]
name = "h11"
version = "0.16.0"
source = { registry = "https://pypi.org/simple" }
sdist = { url = "https://files.pythonhosted.org/packages/01/ee/02a2c011bdab74c6fb3c75474d40b3052059d95df7e73351460c8588d963/h11-0.16.0.tar.gz", hash = "sha256:4e35b956cf45792e4caa5885e69fba00bdbc6ffafbfa020300e549b208ee5ff1", size = 101250, upload-time = "2025-04-24T03:35:25.427Z" }
wheels = [
    { url = "https://files.pythonhosted.org/packages/04/4b/29cac41a4d98d144bf5f6d33995617b185d14b22401f75ca86f384e87ff1/h11-0.16.0-py3-none-any.whl", hash = "sha256:63cf8bbe7522de3bf65932fda1d9c2772064ffb3dae62d55932da54b31cb6c86", size = 37515, upload-time = "2025-04-24T03:35:24.344Z" },
]

[[package]]
name = "httpcore"
version = "1.0.9"
source = { registry = "https://pypi.org/simple" }
dependencies = [
    { name = "certifi" },
    { name = "h11" },
]
sdist = { url = "https://files.pythonhosted.org/packages/06/94/82699a10bca87a5556c9c59b5963f2d039dbd239f25bc2a63907a05a14cb/httpcore-1.0.9.tar.gz", hash = "sha256:6e34463af53fd2ab5d807f399a9b45ea31c3dfa2276f15a2c3f00afff6e176e8", size = 85484, upload-time = "2025-04-24T22:06:22.219Z" }
wheels = [
    { url = "https://files.pythonhosted.org/packages/7e/f5/f66802a942d491edb555dd61e3a9961140fd64c90bce1eafd741609d334d/httpcore-1.0.9-py3-none-any.whl", hash = "sha256:2d400746a40668fc9dec9810239072b40b4484b640a8c38fd654a024c7a1bf55", size = 78784, upload-time = "2025-04-24T22:06:20.566Z" },
]

[[package]]
name = "httpx"
version = "0.28.1"
source = { registry = "https://pypi.org/simple" }
dependencies = [
    { name = "anyio" },
    { name = "certifi" },
    { name = "httpcore" },
    { name = "idna" },
]
sdist = { url = "https://files.pythonhosted.org/packages/b1/df/48c586a5fe32a0f01324ee087459e112ebb7224f646c0b5023f5e79e9956/httpx-0.28.1.tar.gz", hash = "sha256:75e98c5f16b0f35b567856f597f06ff2270a374470a5c2392242528e3e3e42fc", size = 141406, upload-time = "2024-12-06T15:37:23.222Z" }
wheels = [
    { url = "https://files.pythonhosted.org/packages/2a/39/e50c7c3a983047577ee07d2a9e53faf5a69493943ec3f6a384bdc792deb2/httpx-0.28.1-py3-none-any.whl", hash = "sha256:d909fcccc110f8c7faf814ca82a9a4d816bc5a6dbfea25d6591d6985b8ba59ad", size = 73517, upload-time = "2024-12-06T15:37:21.509Z" },
]

[[package]]
name = "idna"
version = "3.11"
source = { registry = "https://pypi.org/simple" }
sdist = { url = "https://files.pythonhosted.org/packages/6f/6d/0703ccc57f3a7233505399edb88de3cbd678da106337b9fcde432b65ed60/idna-3.11.tar.gz", hash = "sha256:795dafcc9c04ed0c1fb032c2aa73654d8e8c5023a7df64a53f39190ada629902", size = 194582, upload-time = "2025-10-12T14:55:20.501Z" }
wheels = [
    { url = "https://files.pythonhosted.org/packages/0e/61/66938bbb5fc52dbdf84594873d5b51fb1f7c7794e9c0f5bd885f30bc507b/idna-3.11-py3-none-any.whl", hash = "sha256:771a87f49d9defaf64091e6e6fe9c18d4833f140bd19464795bc32d966ca37ea", size = 71008, upload-time = "2025-10-12T14:55:18.883Z" },
]

[[package]]
name = "ruff"
version = "0.15.2"
source = { registry = "https://pypi.org/simple" }
sdist = { url = "https://files.pythonhosted.org/packages/06/04/eab13a954e763b0606f460443fcbf6bb5a0faf06890ea3754ff16523dce5/ruff-0.15.2.tar.gz", hash = "sha256:14b965afee0969e68bb871eba625343b8673375f457af4abe98553e8bbb98342", size = 4558148, upload-time = "2026-02-19T22:32:20.271Z" }
wheels = [
    { url = "https://files.pythonhosted.org/packages/2f/70/3a4dc6d09b13cb3e695f28307e5d889b2e1a66b7af9c5e257e796695b0e6/ruff-0.15.2-py3-none-linux_armv6l.whl", hash = "sha256:120691a6fdae2f16d65435648160f5b81a9625288f75544dc40637436b5d3c0d", size = 10430565, upload-time = "2026-02-19T22:32:41.824Z" },
    { url = "https://files.pythonhosted.org/packages/71/0b/bb8457b56185ece1305c666dc895832946d24055be90692381c31d57466d/ruff-0.15.2-py3-none-macosx_10_12_x86_64.whl", hash = "sha256:a89056d831256099658b6bba4037ac6dd06f49d194199215befe2bb10457ea5e", size = 10820354, upload-time = "2026-02-19T22:32:07.366Z" },
    { url = "https://files.pythonhosted.org/packages/2d/c1/e0532d7f9c9e0b14c46f61b14afd563298b8b83f337b6789ddd987e46121/ruff-0.15.2-py3-none-macosx_11_0_arm64.whl", hash = "sha256:e36dee3a64be0ebd23c86ffa3aa3fd3ac9a712ff295e192243f814a830b6bd87", size = 10170767, upload-time = "2026-02-19T22:32:13.188Z" },
    { url = "https://files.pythonhosted.org/packages/47/e8/da1aa341d3af017a21c7a62fb5ec31d4e7ad0a93ab80e3a508316efbcb23/ruff-0.15.2-py3-none-manylinux_2_17_aarch64.manylinux2014_aarch64.whl", hash = "sha256:a9fb47b6d9764677f8c0a193c0943ce9a05d6763523f132325af8a858eadc2b9", size = 10529591, upload-time = "2026-02-19T22:32:02.547Z" },
    { url = "https://files.pythonhosted.org/packages/93/74/184fbf38e9f3510231fbc5e437e808f0b48c42d1df9434b208821efcd8d6/ruff-0.15.2-py3-none-manylinux_2_17_armv7l.manylinux2014_armv7l.whl", hash = "sha256:f376990f9d0d6442ea9014b19621d8f2aaf2b8e39fdbfc79220b7f0c596c9b80", size = 10260771, upload-time = "2026-02-19T22:32:36.938Z" },
    { url = "https://files.pythonhosted.org/packages/05/ac/605c20b8e059a0bc4b42360414baa4892ff278cec1c91fff4be0dceedefd/ruff-0.15.2-py3-none-manylinux_2_17_i686.manylinux2014_i686.whl", hash = "sha256:2dcc987551952d73cbf5c88d9fdee815618d497e4df86cd4c4824cc59d5dd75f", size = 11045791, upload-time = "2026-02-19T22:32:31.642Z" },
    { url = "https://files.pythonhosted.org/packages/fd/52/db6e419908f45a894924d410ac77d64bdd98ff86901d833364251bd08e22/ruff-0.15.2-py3-none-manylinux_2_17_ppc64le.manylinux2014_ppc64le.whl", hash = "sha256:42a47fd785cbe8c01b9ff45031af875d101b040ad8f4de7bbb716487c74c9a77", size = 11879271, upload-time = "2026-02-19T22:32:29.305Z" },
    { url = "https://files.pythonhosted.org/packages/3e/d8/7992b18f2008bdc9231d0f10b16df7dda964dbf639e2b8b4c1b4e91b83af/ruff-0.15.2-py3-none-manylinux_2_17_s390x.manylinux2014_s390x.whl", hash = "sha256:cbe9f49354866e575b4c6943856989f966421870e85cd2ac94dccb0a9dcb2fea", size = 11303707, upload-time = "2026-02-19T22:32:22.492Z" },
    { url = "https://files.pythonhosted.org/packages/d7/02/849b46184bcfdd4b64cde61752cc9a146c54759ed036edd11857e9b8443b/ruff-0.15.2-py3-none-manylinux_2_17_x86_64.manylinux2014_x86_64.whl", hash = "sha256:b7a672c82b5f9887576087d97be5ce439f04bbaf548ee987b92d3a7dede41d3a", size = 11149151, upload-time = "2026-02-19T22:32:44.234Z" },
    { url = "https://files.pythonhosted.org/packages/70/04/f5284e388bab60d1d3b99614a5a9aeb03e0f333847e2429bebd2aaa1feec/ruff-0.15.2-py3-none-manylinux_2_31_riscv64.whl", hash = "sha256:72ecc64f46f7019e2bcc3cdc05d4a7da958b629a5ab7033195e11a438403d956", size = 11091132, upload-time = "2026-02-19T22:32:24.691Z" },
    { url = "https://files.pythonhosted.org/packages/fa/ae/88d844a21110e14d92cf73d57363fab59b727ebeabe78009b9ccb23500af/ruff-0.15.2-py3-none-musllinux_1_2_aarch64.whl", hash = "sha256:8dcf243b15b561c655c1ef2f2b0050e5d50db37fe90115507f6ff37d865dc8b4", size = 10504717, upload-time = "2026-02-19T22:32:26.75Z" },
    { url = "https://files.pythonhosted.org/packages/64/27/867076a6ada7f2b9c8292884ab44d08fd2ba71bd2b5364d4136f3cd537e1/ruff-0.15.2-py3-none-musllinux_1_2_armv7l.whl", hash = "sha256:dab6941c862c05739774677c6273166d2510d254dac0695c0e3f5efa1b5585de", size = 10263122, upload-time = "2026-02-19T22:32:10.036Z" },
    { url = "https://files.pythonhosted.org/packages/e7/ef/faf9321d550f8ebf0c6373696e70d1758e20ccdc3951ad7af00c0956be7c/ruff-0.15.2-py3-none-musllinux_1_2_i686.whl", hash = "sha256:1b9164f57fc36058e9a6806eb92af185b0697c9fe4c7c52caa431c6554521e5c", size = 10735295, upload-time = "2026-02-19T22:32:39.227Z" },
    { url = "https://files.pythonhosted.org/packages/2f/55/e8089fec62e050ba84d71b70e7834b97709ca9b7aba10c1a0b196e493f97/ruff-0.15.2-py3-none-musllinux_1_2_x86_64.whl", hash = "sha256:80d24fcae24d42659db7e335b9e1531697a7102c19185b8dc4a028b952865fd8", size = 11241641, upload-time = "2026-02-19T22:32:34.617Z" },
    { url = "https://files.pythonhosted.org/packages/23/01/1c30526460f4d23222d0fabd5888868262fd0e2b71a00570ca26483cd993/ruff-0.15.2-py3-none-win32.whl", hash = "sha256:fd5ff9e5f519a7e1bd99cbe8daa324010a74f5e2ebc97c6242c08f26f3714f6f", size = 10507885, upload-time = "2026-02-19T22:32:15.635Z" },
    { url = "https://files.pythonhosted.org/packages/5c/10/3d18e3bbdf8fc50bbb4ac3cc45970aa5a9753c5cb51bf9ed9a3cd8b79fa3/ruff-0.15.2-py3-none-win_amd64.whl", hash = "sha256:d20014e3dfa400f3ff84830dfb5755ece2de45ab62ecea4af6b7262d0fb4f7c5", size = 11623725, upload-time = "2026-02-19T22:32:04.947Z" },
    { url = "https://files.pythonhosted.org/packages/6d/78/097c0798b1dab9f8affe73da9642bb4500e098cb27fd8dc9724816ac747b/ruff-0.15.2-py3-none-win_arm64.whl", hash = "sha256:cabddc5822acdc8f7b5527b36ceac55cc51eec7b1946e60181de8fe83ca8876e", size = 10941649, upload-time = "2026-02-19T22:32:18.108Z" },
]

[[package]]
name = "ty"
version = "0.0.19"
source = { registry = "https://pypi.org/simple" }
sdist = { url = "https://files.pythonhosted.org/packages/84/5e/da108b9eeb392e02ff0478a34e9651490b36af295881cb56575b83f0cc3a/ty-0.0.19.tar.gz", hash = "sha256:ee3d9ed4cb586e77f6efe3d0fe5a855673ca438a3d533a27598e1d3502a2948a", size = 5220026, upload-time = "2026-02-26T12:13:15.215Z" }
wheels = [
    { url = "https://files.pythonhosted.org/packages/5a/31/fd8c6067abb275bea11523d21ecf64e1d870b1ce80cac529cf6636df1471/ty-0.0.19-py3-none-linux_armv6l.whl", hash = "sha256:29bed05d34c8a7597567b8e327c53c1aed4a07dcfbe6c81e6d60c7444936ad77", size = 10268470, upload-time = "2026-02-26T12:13:42.881Z" },
    { url = "https://files.pythonhosted.org/packages/15/de/16a11bbf7d98c75849fc41f5d008b89bb5d080a4b10dc8ea851ee2bd371b/ty-0.0.19-py3-none-macosx_10_12_x86_64.whl", hash = "sha256:79140870c688c97ec68e723c28935ddef9d91a76d48c68e665fe7c851e628b8a", size = 10098562, upload-time = "2026-02-26T12:13:31.618Z" },
    { url = "https://files.pythonhosted.org/packages/e7/4f/086d6ff6686eadf903913c45b53ab96694b62bbfee1d8cf3e55a9b5aa4b2/ty-0.0.19-py3-none-macosx_11_0_arm64.whl", hash = "sha256:6e9c1f9cfa6a26f7881d14d75cf963af743f6c4189e6aa3e3b4056a65f22e730", size = 9604073, upload-time = "2026-02-26T12:13:24.645Z" },
    { url = "https://files.pythonhosted.org/packages/95/13/888a6b6c7ed4a880fee91bec997f775153ce86215ee4c56b868516314734/ty-0.0.19-py3-none-manylinux_2_17_aarch64.manylinux2014_aarch64.whl", hash = "sha256:bbca43b050edf1db2e64ae7b79add233c2aea2855b8a876081bbd032edcd0610", size = 10106295, upload-time = "2026-02-26T12:13:40.584Z" },
    { url = "https://files.pythonhosted.org/packages/cb/e8/05a372cae8da482de73b8246fb43236bf11e24ac28c879804568108759db/ty-0.0.19-py3-none-manylinux_2_17_armv7l.manylinux2014_armv7l.whl", hash = "sha256:8acaa88ab1955ca6b15a0ccc274011c4961377fe65c3948e5d2b212f2517b87c", size = 10098234, upload-time = "2026-02-26T12:13:33.725Z" },
    { url = "https://files.pythonhosted.org/packages/c5/f1/5b0958e9e9576e7662192fe689bbb3dc88e631a4e073db3047793a547d58/ty-0.0.19-py3-none-manylinux_2_17_i686.manylinux2014_i686.whl", hash = "sha256:4a901b6a6dd9d17d5b3b2e7bafc3057294e88da3f5de507347316687d7f191a1", size = 10607218, upload-time = "2026-02-26T12:13:17.576Z" },
    { url = "https://files.pythonhosted.org/packages/fb/ab/358c78b77844f58ff5aca368550ab16c719f1ab0ec892ceb1114d7500f4e/ty-0.0.19-py3-none-manylinux_2_17_ppc64le.manylinux2014_ppc64le.whl", hash = "sha256:8deafdaaaee65fd121c66064da74a922d8501be4a2d50049c71eab521a23eff7", size = 11160593, upload-time = "2026-02-26T12:13:36.008Z" },
    { url = "https://files.pythonhosted.org/packages/95/59/827fc346d66a59fe48e9689a5ceb67dbbd5b4de2e8d4625371af39a2e8b7/ty-0.0.19-py3-none-manylinux_2_17_s390x.manylinux2014_s390x.whl", hash = "sha256:035e56071af280897441018f74f921b97d53aec0856f8af85f4f949df8eda07d", size = 10822392, upload-time = "2026-02-26T12:13:29.415Z" },
    { url = "https://files.pythonhosted.org/packages/81/f9/3bbfbbe35478de9bcd63848f4bc9bffda72278dd9732dbad3efc3978432e/ty-0.0.19-py3-none-manylinux_2_17_x86_64.manylinux2014_x86_64.whl", hash = "sha256:abdf5885130393ce74501dba792f48ce0a515756ec81c33a4b324bdf3509df6e", size = 10707139, upload-time = "2026-02-26T12:13:20.148Z" },
    { url = "https://files.pythonhosted.org/packages/12/9e/597023b183ec4ade83a36a0cea5c103f3bffa34f70813d46386c61447fb8/ty-0.0.19-py3-none-musllinux_1_2_aarch64.whl", hash = "sha256:877e89005c8f9d1dbff5ad14cbac9f35c528406fde38926f9b44f24830de8d6a", size = 10096933, upload-time = "2026-02-26T12:13:45.266Z" },
    { url = "https://files.pythonhosted.org/packages/1e/76/d0d2f6e674db2a17c8efa5e26682b9dfa8d34774705f35902a7b45ebd3bd/ty-0.0.19-py3-none-musllinux_1_2_armv7l.whl", hash = "sha256:39bd1da051c1e4d316efaf79dbed313255633f7c6ad6e24d29f4d9c6ffaf4de6", size = 10109547, upload-time = "2026-02-26T12:13:22.17Z" },
    { url = "https://files.pythonhosted.org/packages/a4/b0/76026c06b852a3aa4fdb5bd329fdc2175aaf3c64a3fafece9cc4df167cee/ty-0.0.19-py3-none-musllinux_1_2_i686.whl", hash = "sha256:87df8415a6c9cb27b8f1382fcdc6052e59f5b9f50f78bc14663197eb5c8d3699", size = 10289110, upload-time = "2026-02-26T12:13:38.29Z" },
    { url = "https://files.pythonhosted.org/packages/14/6c/f3b3a189816b4f079b20fe5d0d7ee38e38a472f53cc6770bb6571147e3de/ty-0.0.19-py3-none-musllinux_1_2_x86_64.whl", hash = "sha256:89b6bb23c332ed5c38dd859eb5793f887abcc936f681a40d4ea68e35eac1af33", size = 10796479, upload-time = "2026-02-26T12:13:10.992Z" },
    { url = "https://files.pythonhosted.org/packages/3d/18/caee33d1ce9dd50bd94c26cde7cda4f6971e22e474e7d72a5c86d745ad58/ty-0.0.19-py3-none-win32.whl", hash = "sha256:19b33df3aa7af7b1a9eaa4e1175c3b4dec0f5f2e140243e3492c8355c37418f3", size = 9677215, upload-time = "2026-02-26T12:13:08.519Z" },
    { url = "https://files.pythonhosted.org/packages/81/41/18fc0771d0b1da7d7cc2fc9af278d3122b754fe8b521a748734f4e16ecfd/ty-0.0.19-py3-none-win_amd64.whl", hash = "sha256:b9052c61464cdd76bc8e6796f2588c08700f25d0dcbc225bb165e390ea9d96a4", size = 10651252, upload-time = "2026-02-26T12:13:13.035Z" },
    { url = "https://files.pythonhosted.org/packages/8b/8c/26f7ce8863eb54510082747b3dfb1046ba24f16fc11de18c0e5feb36ff18/ty-0.0.19-py3-none-win_arm64.whl", hash = "sha256:9329804b66dcbae8e7af916ef4963221ed53b8ec7d09b0793591c5ae8a0f3270", size = 10093195, upload-time = "2026-02-26T12:13:26.816Z" },
]
